
Microsoft Visual Studio Solution File, Format Version 12.00
# Visual Studio Version 17
VisualStudioVersion = 17.2.32526.322
MinimumVisualStudioVersion = 10.0.40219.1
Project("{9A19103F-16F7-4668-BE54-9A1E7A4F7556}") = "OC.Web", "OC.Web\OC.Web.csproj", "{881D3C53-5273-49CC-9B5D-84CB9D26727B}"
EndProject
Project("{2150E333-8FDC-42A3-9474-1A3956D46DE8}") = "Modules", "Modules", "{BCB5C87E-3606-41FF-BD49-A62D1690507E}"
EndProject
Project("{FAE04EC0-301F-11D3-BF4B-00C04F79EFBC}") = "Movies", "Movies\Movies.csproj", "{4567CC6B-30E5-41C9-BD2D-03A9BC28F887}"
EndProject
Global
	GlobalSection(SolutionConfigurationPlatforms) = preSolution
		Debug|Any CPU = Debug|Any CPU
		Release|Any CPU = Release|Any CPU
	EndGlobalSection
	GlobalSection(ProjectConfigurationPlatforms) = postSolution
		{881D3C53-5273-49CC-9B5D-84CB9D26727B}.Debug|Any CPU.ActiveCfg = Debug|Any CPU
		{881D3C53-5273-49CC-9B5D-84CB9D26727B}.Debug|Any CPU.Build.0 = Debug|Any CPU
		{881D3C53-5273-49CC-9B5D-84CB9D26727B}.Release|Any CPU.ActiveCfg = Release|Any CPU
		{881D3C53-5273-49CC-9B5D-84CB9D26727B}.Release|Any CPU.Build.0 = Release|Any CPU
		{4567CC6B-30E5-41C9-BD2D-03A9BC28F887}.Debug|Any CPU.ActiveCfg = Debug|Any CPU
		{4567CC6B-30E5-41C9-BD2D-03A9BC28F887}.Debug|Any CPU.Build.0 = Debug|Any CPU
		{4567CC6B-30E5-41C9-BD2D-03A9BC28F887}.Release|Any CPU.ActiveCfg = Release|Any CPU
		{4567CC6B-30E5-41C9-BD2D-03A9BC28F887}.Release|Any CPU.Build.0 = Release|Any CPU
	EndGlobalSection
	GlobalSection(SolutionProperties) = preSolution
		HideSolutionNode = FALSE
	EndGlobalSection
	GlobalSection(NestedProjects) = preSolution
		{4567CC6B-30E5-41C9-BD2D-03A9BC28F887} = {BCB5C87E-3606-41FF-BD49-A62D1690507E}
	EndGlobalSection
	GlobalSection(ExtensibilityGlobals) = postSolution
		SolutionGuid = {5965A1B4-06D4-4F35-B29B-091BCA305A40}
	EndGlobalSection
EndGlobal
